// !$*UTF8*$!
{
	archiveVersion = 1;
	classes = {
	};
	objectVersion = 56;
	objects = {

/* Begin PBXBuildFile section */
		762ACFFB2BFA62AE00EFC7BF /* MacMacroApp.swift in Sources */ = {isa = PBXBuildFile; fileRef = 762ACFFA2BFA62AE00EFC7BF /* MacMacroApp.swift */; };
		762ACFFD2BFA62AE00EFC7BF /* ContentView.swift in Sources */ = {isa = PBXBuildFile; fileRef = 762ACFFC2BFA62AE00EFC7BF /* ContentView.swift */; };
		762ACFFF2BFA62AE00EFC7BF /* Item.swift in Sources */ = {isa = PBXBuildFile; fileRef = 762ACFFE2BFA62AE00EFC7BF /* Item.swift */; };
		762AD0012BFA62AF00EFC7BF /* Assets.xcassets in Resources */ = {isa = PBXBuildFile; fileRef = 762AD0002BFA62AF00EFC7BF /* Assets.xcassets */; };
		762AD0042BFA62AF00EFC7BF /* Preview Assets.xcassets in Resources */ = {isa = PBXBuildFile; fileRef = 762AD0032BFA62AF00EFC7BF /* Preview Assets.xcassets */; };
		762AD00C2BFA647E00EFC7BF /* Recorder.swift in Sources */ = {isa = PBXBuildFile; fileRef = 762AD00B2BFA647E00EFC7BF /* Recorder.swift */; };
/* End PBXBuildFile section */

/* Begin PBXFileReference section */
		762ACFF72BFA62AE00EFC7BF /* MacMacro.app */ = {isa = PBXFileReference; explicitFileType = wrapper.application; includeInIndex = 0; path = MacMacro.app; sourceTree = BUILT_PRODUCTS_DIR; };
		762ACFFA2BFA62AE00EFC7BF /* MacMacroApp.swift */ = {isa = PBXFileReference; lastKnownFileType = sourcecode.swift; path = MacMacroApp.swift; sourceTree = "<group>"; };
		762ACFFC2BFA62AE00EFC7BF /* ContentView.swift */ = {isa = PBXFileReference; lastKnownFileType = sourcecode.swift; path = ContentView.swift; sourceTree = "<group>"; };
		762ACFFE2BFA62AE00EFC7BF /* Item.swift */ = {isa = PBXFileReference; lastKnownFileType = sourcecode.swift; path = Item.swift; sourceTree = "<group>"; };
		762AD0002BFA62AF00EFC7BF /* Assets.xcassets */ = {isa = PBXFileReference; lastKnownFileType = folder.assetcatalog; path = Assets.xcassets; sourceTree = "<group>"; };
		762AD0032BFA62AF00EFC7BF /* Preview Assets.xcassets */ = {isa = PBXFileReference; lastKnownFileType = folder.assetcatalog; path = "Preview Assets.xcassets"; sourceTree = "<group>"; };
		762AD0052BFA62AF00EFC7BF /* MacMacro.entitlements */ = {isa = PBXFileReference; lastKnownFileType = text.plist.entitlements; path = MacMacro.entitlements; sourceTree = "<group>"; };
		762AD00B2BFA647E00EFC7BF /* Recorder.swift */ = {isa = PBXFileReference; lastKnownFileType = sourcecode.swift; path = Recorder.swift; sourceTree = "<group>"; };
		762AD00D2BFA676600EFC7BF /* Info.plist */ = {isa = PBXFileReference; lastKnownFileType = text.plist; path = Info.plist; sourceTree = "<group>"; };
/* End PBXFileReference section */

/* Begin PBXFrameworksBuildPhase section */
		762ACFF42BFA62AE00EFC7BF /* Frameworks */ = {
			isa = PBXFrameworksBuildPhase;
			buildActionMask = 2147483647;
			files = (
			);
			runOnlyForDeploymentPostprocessing = 0;
		};
/* End PBXFrameworksBuildPhase section */

/* Begin PBXGroup section */
		762ACFEE2BFA62AE00EFC7BF = {
			isa = PBXGroup;
			children = (
				762ACFF92BFA62AE00EFC7BF /* MacMacro */,
				762ACFF82BFA62AE00EFC7BF /* Products */,
			);
			sourceTree = "<group>";
		};
		762ACFF82BFA62AE00EFC7BF /* Products */ = {
			isa = PBXGroup;
			children = (
				762ACFF72BFA62AE00EFC7BF /* MacMacro.app */,
			);
			name = Products;
			sourceTree = "<group>";
		};
		762ACFF92BFA62AE00EFC7BF /* MacMacro */ = {
			isa = PBXGroup;
			children = (
				762AD00D2BFA676600EFC7BF /* Info.plist */,
				762ACFFA2BFA62AE00EFC7BF /* MacMacroApp.swift */,
				762ACFFC2BFA62AE00EFC7BF /* ContentView.swift */,
				762AD00B2BFA647E00EFC7BF /* Recorder.swift */,
				762ACFFE2BFA62AE00EFC7BF /* Item.swift */,
				762AD0002BFA62AF00EFC7BF /* Assets.xcassets */,
				762AD0052BFA62AF00EFC7BF /* MacMacro.entitlements */,
				762AD0022BFA62AF00EFC7BF /* Preview Content */,
			);
			path = MacMacro;
			sourceTree = "<group>";
		};
		762AD0022BFA62AF00EFC7BF /* Preview Content */ = {
			isa = PBXGroup;
			children = (
				762AD0032BFA62AF00EFC7BF /* Preview Assets.xcassets */,
			);
			path = "Preview Content";
			sourceTree = "<group>";
		};
/* End PBXGroup section */

/* Begin PBXNativeTarget section */
		762ACFF62BFA62AE00EFC7BF /* MacMacro */ = {
			isa = PBXNativeTarget;
			buildConfigurationList = 762AD0082BFA62AF00EFC7BF /* Build configuration list for PBXNativeTarget "MacMacro" */;
			buildPhases = (
				762ACFF32BFA62AE00EFC7BF /* Sources */,
				762ACFF42BFA62AE00EFC7BF /* Frameworks */,
				762ACFF52BFA62AE00EFC7BF /* Resources */,
			);
			buildRules = (
			);
			dependencies = (
			);
			name = MacMacro;
			productName = MacMacro;
			productReference = 762ACFF72BFA62AE00EFC7BF /* MacMacro.app */;
			productType = "com.apple.product-type.application";
		};
/* End PBXNativeTarget section */

/* Begin PBXProject section */
		762ACFEF2BFA62AE00EFC7BF /* Project object */ = {
			isa = PBXProject;
			attributes = {
				BuildIndependentTargetsInParallel = 1;
				LastSwiftUpdateCheck = 1510;
				LastUpgradeCheck = 1510;
				TargetAttributes = {
					762ACFF62BFA62AE00EFC7BF = {
						CreatedOnToolsVersion = 15.1;
					};
				};
			};
			buildConfigurationList = 762ACFF22BFA62AE00EFC7BF /* Build configuration list for PBXProject "MacMacro" */;
			compatibilityVersion = "Xcode 14.0";
			developmentRegion = en;
			hasScannedForEncodings = 0;
			knownRegions = (
				en,
				Base,
			);
			mainGroup = 762ACFEE2BFA62AE00EFC7BF;
			productRefGroup = 762ACFF82BFA62AE00EFC7BF /* Products */;
			projectDirPath = "";
			projectRoot = "";
			targets = (
				762ACFF62BFA62AE00EFC7BF /* MacMacro */,
			);
		};
/* End PBXProject section */

/* Begin PBXResourcesBuildPhase section */
		762ACFF52BFA62AE00EFC7BF /* Resources */ = {
			isa = PBXResourcesBuildPhase;
			buildActionMask = 2147483647;
			files = (
				762AD0042BFA62AF00EFC7BF /* Preview Assets.xcassets in Resources */,
				762AD0012BFA62AF00EFC7BF /* Assets.xcassets in Resources */,
			);
			runOnlyForDeploymentPostprocessing = 0;
		};
/* End PBXResourcesBuildPhase section */

/* Begin PBXSourcesBuildPhase section */
		762ACFF32BFA62AE00EFC7BF /* Sources */ = {
			isa = PBXSourcesBuildPhase;
			buildActionMask = 2147483647;
			files = (
				762ACFFD2BFA62AE00EFC7BF /* ContentView.swift in Sources */,
				762ACFFF2BFA62AE00EFC7BF /* Item.swift in Sources */,
				762ACFFB2BFA62AE00EFC7BF /* MacMacroApp.swift in Sources */,
				762AD00C2BFA647E00EFC7BF /* Recorder.swift in Sources */,
			);
			runOnlyForDeploymentPostprocessing = 0;
		};
/* End PBXSourcesBuildPhase section */

/* Begin XCBuildConfiguration section */
		762AD0062BFA62AF00EFC7BF /* Debug */ = {
			isa = XCBuildConfiguration;
			buildSettings = {
				ALWAYS_SEARCH_USER_PATHS = NO;
				ASSETCATALOG_COMPILER_GENERATE_SWIFT_ASSET_SYMBOL_EXTENSIONS = YES;
				CLANG_ANALYZER_NONNULL = YES;
				CLANG_ANALYZER_NUMBER_OBJECT_CONVERSION = YES_AGGRESSIVE;
				CLANG_CXX_LANGUAGE_STANDARD = "gnu++20";
				CLANG_ENABLE_MODULES = YES;
				CLANG_ENABLE_OBJC_ARC = YES;
				CLANG_ENABLE_OBJC_WEAK = YES;
				CLANG_WARN_BLOCK_CAPTURE_AUTORELEASING = YES;
				CLANG_WARN_BOOL_CONVERSION = YES;
				CLANG_WARN_COMMA = YES;
				CLANG_WARN_CONSTANT_CONVERSION = YES;
				CLANG_WARN_DEPRECATED_OBJC_IMPLEMENTATIONS = YES;
				CLANG_WARN_DIRECT_OBJC_ISA_USAGE = YES_ERROR;
				CLANG_WARN_DOCUMENTATION_COMMENTS = YES;
				CLANG_WARN_EMPTY_BODY = YES;
				CLANG_WARN_ENUM_CONVERSION = YES;
				CLANG_WARN_INFINITE_RECURSION = YES;
				CLANG_WARN_INT_CONVERSION = YES;
				CLANG_WARN_NON_LITERAL_NULL_CONVERSION = YES;
				CLANG_WARN_OBJC_IMPLICIT_RETAIN_SELF = YES;
				CLANG_WARN_OBJC_LITERAL_CONVERSION = YES;
				CLANG_WARN_OBJC_ROOT_CLASS = YES_ERROR;
				CLANG_WARN_QUOTED_INCLUDE_IN_FRAMEWORK_HEADER = YES;
				CLANG_WARN_RANGE_LOOP_ANALYSIS = YES;
				CLANG_WARN_STRICT_PROTOTYPES = YES;
				CLANG_WARN_SUSPICIOUS_MOVE = YES;
				CLANG_WARN_UNGUARDED_AVAILABILITY = YES_AGGRESSIVE;
				CLANG_WARN_UNREACHABLE_CODE = YES;
				CLANG_WARN__DUPLICATE_METHOD_MATCH = YES;
				COPY_PHASE_STRIP = NO;
				DEBUG_INFORMATION_FORMAT = dwarf;
				ENABLE_STRICT_OBJC_MSGSEND = YES;
				ENABLE_TESTABILITY = YES;
				ENABLE_USER_SCRIPT_SANDBOXING = YES;
				GCC_C_LANGUAGE_STANDARD = gnu17;
				GCC_DYNAMIC_NO_PIC = NO;
				GCC_NO_COMMON_BLOCKS = YES;
				GCC_OPTIMIZATION_LEVEL = 0;
				GCC_PREPROCESSOR_DEFINITIONS = (
					"DEBUG=1",
					"$(inherited)",
				);
				GCC_WARN_64_TO_32_BIT_CONVERSION = YES;
				GCC_WARN_ABOUT_RETURN_TYPE = YES_ERROR;
				GCC_WARN_UNDECLARED_SELECTOR = YES;
				GCC_WARN_UNINITIALIZED_AUTOS = YES_AGGRESSIVE;
				GCC_WARN_UNUSED_FUNCTION = YES;
				GCC_WARN_UNUSED_VARIABLE = YES;
				LOCALIZATION_PREFERS_STRING_CATALOGS = YES;
				MACOSX_DEPLOYMENT_TARGET = 14.2;
				MTL_ENABLE_DEBUG_INFO = INCLUDE_SOURCE;
				MTL_FAST_MATH = YES;
				ONLY_ACTIVE_ARCH = YES;
				SDKROOT = macosx;
				SWIFT_ACTIVE_COMPILATION_CONDITIONS = "DEBUG $(inherited)";
				SWIFT_OPTIMIZATION_LEVEL = "-Onone";
			};
			name = Debug;
		};
		762AD0072BFA62AF00EFC7BF /* Release */ = {
			isa = XCBuildConfiguration;
			buildSettings = {
				ALWAYS_SEARCH_USER_PATHS = NO;
				ASSETCATALOG_COMPILER_GENERATE_SWIFT_ASSET_SYMBOL_EXTENSIONS = YES;
				CLANG_ANALYZER_NONNULL = YES;
				CLANG_ANALYZER_NUMBER_OBJECT_CONVERSION = YES_AGGRESSIVE;
				CLANG_CXX_LANGUAGE_STANDARD = "gnu++20";
				CLANG_ENABLE_MODULES = YES;
				CLANG_ENABLE_OBJC_ARC = YES;
				CLANG_ENABLE_OBJC_WEAK = YES;
				CLANG_WARN_BLOCK_CAPTURE_AUTORELEASING = YES;
				CLANG_WARN_BOOL_CONVERSION = YES;
				CLANG_WARN_COMMA = YES;
				CLANG_WARN_CONSTANT_CONVERSION = YES;
				CLANG_WARN_DEPRECATED_OBJC_IMPLEMENTATIONS = YES;
				CLANG_WARN_DIRECT_OBJC_ISA_USAGE = YES_ERROR;
				CLANG_WARN_DOCUMENTATION_COMMENTS = YES;
				CLANG_WARN_EMPTY_BODY = YES;
				CLANG_WARN_ENUM_CONVERSION = YES;
				CLANG_WARN_INFINITE_RECURSION = YES;
				CLANG_WARN_INT_CONVERSION = YES;
				CLANG_WARN_NON_LITERAL_NULL_CONVERSION = YES;
				CLANG_WARN_OBJC_IMPLICIT_RETAIN_SELF = YES;
				CLANG_WARN_OBJC_LITERAL_CONVERSION = YES;
				CLANG_WARN_OBJC_ROOT_CLASS = YES_ERROR;
				CLANG_WARN_QUOTED_INCLUDE_IN_FRAMEWORK_HEADER = YES;
				CLANG_WARN_RANGE_LOOP_ANALYSIS = YES;
				CLANG_WARN_STRICT_PROTOTYPES = YES;
				CLANG_WARN_SUSPICIOUS_MOVE = YES;
				CLANG_WARN_UNGUARDED_AVAILABILITY = YES_AGGRESSIVE;
				CLANG_WARN_UNREACHABLE_CODE = YES;
				CLANG_WARN__DUPLICATE_METHOD_MATCH = YES;
				COPY_PHASE_STRIP = NO;
				DEBUG_INFORMATION_FORMAT = "dwarf-with-dsym";
				ENABLE_NS_ASSERTIONS = NO;
				ENABLE_STRICT_OBJC_MSGSEND = YES;
				ENABLE_USER_SCRIPT_SANDBOXING = YES;
				GCC_C_LANGUAGE_STANDARD = gnu17;
				GCC_NO_COMMON_BLOCKS = YES;
				GCC_WARN_64_TO_32_BIT_CONVERSION = YES;
				GCC_WARN_ABOUT_RETURN_TYPE = YES_ERROR;
				GCC_WARN_UNDECLARED_SELECTOR = YES;
				GCC_WARN_UNINITIALIZED_AUTOS = YES_AGGRESSIVE;
				GCC_WARN_UNUSED_FUNCTION = YES;
				GCC_WARN_UNUSED_VARIABLE = YES;
				LOCALIZATION_PREFERS_STRING_CATALOGS = YES;
				MACOSX_DEPLOYMENT_TARGET = 14.2;
				MTL_ENABLE_DEBUG_INFO = NO;
				MTL_FAST_MATH = YES;
				SDKROOT = macosx;
				SWIFT_COMPILATION_MODE = wholemodule;
			};
			name = Release;
		};
		762AD0092BFA62AF00EFC7BF /* Debug */ = {
			isa = XCBuildConfiguration;
			buildSettings = {
				ASSETCATALOG_COMPILER_APPICON_NAME = AppIcon;
				ASSETCATALOG_COMPILER_GLOBAL_ACCENT_COLOR_NAME = AccentColor;
				CODE_SIGN_ENTITLEMENTS = MacMacro/MacMacro.entitlements;
				CODE_SIGN_STYLE = Automatic;
				COMBINE_HIDPI_IMAGES = YES;
				CURRENT_PROJECT_VERSION = 1;
				DEVELOPMENT_ASSET_PATHS = "\"MacMacro/Preview Content\"";
				DEVELOPMENT_TEAM = FXR83DW32N;
				ENABLE_PREVIEWS = YES;
				GENERATE_INFOPLIST_FILE = YES;
				INFOPLIST_FILE = MacMacro/Info.plist;
				INFOPLIST_KEY_CFBundleDisplayName = iMacro;
				INFOPLIST_KEY_LSApplicationCategoryType = "public.app-category.utilities";
				INFOPLIST_KEY_NSAppleEventsUsageDescription = "<usage info>";
				INFOPLIST_KEY_NSHumanReadableCopyright = "";
				LD_RUNPATH_SEARCH_PATHS = (
					"$(inherited)",
					"@executable_path/../Frameworks",
				);
				MACOSX_DEPLOYMENT_TARGET = 14.0;
				MARKETING_VERSION = 1.0;
				PRODUCT_BUNDLE_IDENTIFIER = com.sekimondre.MacMacro;
				PRODUCT_NAME = "$(TARGET_NAME)";
				SWIFT_EMIT_LOC_STRINGS = YES;
				SWIFT_VERSION = 5.0;
			};
			name = Debug;
		};
		762AD00A2BFA62AF00EFC7BF /* Release */ = {
			isa = XCBuildConfiguration;
			buildSettings = {
				ASSETCATALOG_COMPILER_APPICON_NAME = AppIcon;
				ASSETCATALOG_COMPILER_GLOBAL_ACCENT_COLOR_NAME = AccentColor;
				CODE_SIGN_ENTITLEMENTS = MacMacro/MacMacro.entitlements;
				CODE_SIGN_STYLE = Automatic;
				COMBINE_HIDPI_IMAGES = YES;
				CURRENT_PROJECT_VERSION = 1;
				DEVELOPMENT_ASSET_PATHS = "\"MacMacro/Preview Content\"";
				DEVELOPMENT_TEAM = FXR83DW32N;
				ENABLE_PREVIEWS = YES;
				GENERATE_INFOPLIST_FILE = YES;
				INFOPLIST_FILE = MacMacro/Info.plist;
				INFOPLIST_KEY_CFBundleDisplayName = iMacro;
				INFOPLIST_KEY_LSApplicationCategoryType = "public.app-category.utilities";
				INFOPLIST_KEY_NSAppleEventsUsageDescription = "<usage info>";
				INFOPLIST_KEY_NSHumanReadableCopyright = "";
				LD_RUNPATH_SEARCH_PATHS = (
					"$(inherited)",
					"@executable_path/../Frameworks",
				);
				MACOSX_DEPLOYMENT_TARGET = 14.0;
				MARKETING_VERSION = 1.0;
				PRODUCT_BUNDLE_IDENTIFIER = com.sekimondre.MacMacro;
				PRODUCT_NAME = "$(TARGET_NAME)";
				SWIFT_EMIT_LOC_STRINGS = YES;
				SWIFT_VERSION = 5.0;
			};
			name = Release;
		};
/* End XCBuildConfiguration section */

/* Begin XCConfigurationList section */
		762ACFF22BFA62AE00EFC7BF /* Build configuration list for PBXProject "MacMacro" */ = {
			isa = XCConfigurationList;
			buildConfigurations = (
				762AD0062BFA62AF00EFC7BF /* Debug */,
				762AD0072BFA62AF00EFC7BF /* Release */,
			);
			defaultConfigurationIsVisible = 0;
			defaultConfigurationName = Release;
		};
		762AD0082BFA62AF00EFC7BF /* Build configuration list for PBXNativeTarget "MacMacro" */ = {
			isa = XCConfigurationList;
			buildConfigurations = (
				762AD0092BFA62AF00EFC7BF /* Debug */,
				762AD00A2BFA62AF00EFC7BF /* Release */,
			);
			defaultConfigurationIsVisible = 0;
			defaultConfigurationName = Release;
		};
/* End XCConfigurationList section */
	};
	rootObject = 762ACFEF2BFA62AE00EFC7BF /* Project object */;
}
